{
  "version": "3",
  "packages": {
    "specifiers": {
      "npm:superjson@1.13.3": "npm:superjson@1.13.3"
    },
    "npm": {
      "copy-anything@3.0.5": {
        "integrity": "sha512-yCEafptTtb4bk7GLEQoM8KVJpxAfdBJYaXyzQEgQQQgYrZiDp8SJmGKlYza6CYjEDNstAdNdKA3UuoULlEbS6w==",
        "dependencies": {
          "is-what": "is-what@4.1.16"
        }
      },
      "is-what@4.1.16": {
        "integrity": "sha512-ZhMwEosbFJkA0YhFnNDgTM4ZxDRsS6HqTo7qsZM08fehyRYIYa0yHu5R6mgo1n/8MgaPBXiPimPD77baVFYg+A==",
        "dependencies": {}
      },
      "superjson@1.13.3": {
        "integrity": "sha512-mJiVjfd2vokfDxsQPOwJ/PtanO87LhpYY88ubI5dUB1Ab58Txbyje3+jpm+/83R/fevaq/107NNhtYBLuoTrFg==",
        "dependencies": {
          "copy-anything": "copy-anything@3.0.5"
        }
      }
    }
  },
  "redirects": {
    "https://deno.land/x/deno_dom/deno-dom-wasm.ts": "https://deno.land/x/deno_dom@v0.1.38/deno-dom-wasm.ts"
  },
  "remote": {
    "https://deno.land/std@0.203.0/dotenv/load.ts": "0636983549b98f29ab75c9a22a42d9723f0a389ece5498fe971e7bb2556a12e2",
    "https://deno.land/std@0.203.0/dotenv/mod.ts": "1da8c6d0e7f7d8a5c2b19400b763bc11739df24acec235dda7ea2cfd3d300057",
    "https://deno.land/x/deno_dom@v0.1.38/build/deno-wasm/deno-wasm.js": "98b1ad24a1c13284557917659402202e5c5258ab1431b3f3a82434ad36ffa05a",
    "https://deno.land/x/deno_dom@v0.1.38/deno-dom-wasm.ts": "bfd999a493a6974e9fca4d331bee03bfb68cfc600c662cd0b48b21d67a2a8ba0",
    "https://deno.land/x/deno_dom@v0.1.38/src/api.ts": "0ff5790f0a3eeecb4e00b7d8fbfa319b165962cf6d0182a65ba90f158d74f7d7",
    "https://deno.land/x/deno_dom@v0.1.38/src/constructor-lock.ts": "59714df7e0571ec7bd338903b1f396202771a6d4d7f55a452936bd0de9deb186",
    "https://deno.land/x/deno_dom@v0.1.38/src/deserialize.ts": "f4d34514ca00473ca428b69ad437ba345925744b5d791cb9552e2d7a0e7b0439",
    "https://deno.land/x/deno_dom@v0.1.38/src/dom/document-fragment.ts": "a40c6e18dd0efcf749a31552c1c9a6f7fa614452245e86ee38fc92ba0235e5ae",
    "https://deno.land/x/deno_dom@v0.1.38/src/dom/document.ts": "b8f4e4ccabaaa063d6562a0f2f8dea9c0419515d63d8bd79bfde95f7cd64bd93",
    "https://deno.land/x/deno_dom@v0.1.38/src/dom/dom-parser.ts": "609097b426f8c2358f3e5d2bca55ed026cf26cdf86562e94130dfdb0f2537f92",
    "https://deno.land/x/deno_dom@v0.1.38/src/dom/element.ts": "77c454e228dfeb5c570da5aa61d91850400116bfa0f5a85505acdd3c667171a4",
    "https://deno.land/x/deno_dom@v0.1.38/src/dom/elements/html-template-element.ts": "127bb291bb08afeb7e9a66294a5aa6ff2780f4eb4601fa6f7869fe8b70a81472",
    "https://deno.land/x/deno_dom@v0.1.38/src/dom/html-collection.ts": "ae90197f5270c32074926ad6cf30ee07d274d44596c7e413c354880cebce8565",
    "https://deno.land/x/deno_dom@v0.1.38/src/dom/node-list.ts": "4c6e4b4585301d4147addaccd90cb5f5a80e8d6290a1ba7058c5e3dfea16e15d",
    "https://deno.land/x/deno_dom@v0.1.38/src/dom/node.ts": "3069e6fc93ac4111a136ed68199d76673339842b9751610ba06f111ba7dc10a7",
    "https://deno.land/x/deno_dom@v0.1.38/src/dom/selectors/custom-api.ts": "852696bd58e534bc41bd3be9e2250b60b67cd95fd28ed16b1deff1d548531a71",
    "https://deno.land/x/deno_dom@v0.1.38/src/dom/selectors/nwsapi-types.ts": "c43b36c36acc5d32caabaa54fda8c9d239b2b0fcbce9a28efb93c84aa1021698",
    "https://deno.land/x/deno_dom@v0.1.38/src/dom/selectors/nwsapi.js": "985d7d8fc1eabbb88946b47a1c44c1b2d4aa79ff23c21424219f1528fa27a2ff",
    "https://deno.land/x/deno_dom@v0.1.38/src/dom/selectors/selectors.ts": "83eab57be2290fb48e3130533448c93c6c61239f2a2f3b85f1917f80ca0fdc75",
    "https://deno.land/x/deno_dom@v0.1.38/src/dom/selectors/sizzle-types.ts": "78149e2502409989ce861ed636b813b059e16bc267bb543e7c2b26ef43e4798b",
    "https://deno.land/x/deno_dom@v0.1.38/src/dom/selectors/sizzle.js": "c3aed60c1045a106d8e546ac2f85cc82e65f62d9af2f8f515210b9212286682a",
    "https://deno.land/x/deno_dom@v0.1.38/src/dom/utils-types.ts": "96db30e3e4a75b194201bb9fa30988215da7f91b380fca6a5143e51ece2a8436",
    "https://deno.land/x/deno_dom@v0.1.38/src/dom/utils.ts": "55f3e9dc71d6c4a54605888d3f99d26fb0cf9973924709f159252a6933ceeabe",
    "https://deno.land/x/deno_dom@v0.1.38/src/parser.ts": "b65eb7e673fa7ca611de871de109655f0aa9fa35ddc1de73df1a5fc2baafc332",
    "https://deno.land/x/deno_validator@v0.0.5/lib/alpha.ts": "a483f81a54cde15c1b6a2cf096de3d048cd9727b768cf8c21e34ee751ac552c7",
    "https://deno.land/x/deno_validator@v0.0.5/lib/blacklist.ts": "cce590bbed4fd6440e089ee546f8c546dc0597759f415bb9cfc7d4554bdd6ebe",
    "https://deno.land/x/deno_validator@v0.0.5/lib/contains.ts": "bbb8348e1a64cfc0bd7c5bd162194cfa8ce3fa20e99284395ec12656aff977e1",
    "https://deno.land/x/deno_validator@v0.0.5/lib/equals.ts": "5f68b35da71e61d579c8fa7916882c89510181ae602addfc3ccf24b33e795f90",
    "https://deno.land/x/deno_validator@v0.0.5/lib/escape.ts": "e1bc2d2028747d7435779aa6c4d84677035b32dc620ac87794ae959efb9c4649",
    "https://deno.land/x/deno_validator@v0.0.5/lib/isAfter.ts": "bd2312eea2e126726488668eee20847941a166b56108ffba458fbc8988b72acb",
    "https://deno.land/x/deno_validator@v0.0.5/lib/isAlpha.ts": "fcc21627e5566fa3352a769009a31216d759f789906a16c2343d06e4bb8fb7a5",
    "https://deno.land/x/deno_validator@v0.0.5/lib/isAlphanumeric.ts": "1cda619d4e043b6cfead1259dfad63531eb19bff01170e8018f2a4423c627c27",
    "https://deno.land/x/deno_validator@v0.0.5/lib/isAscii.ts": "a7b0d1876bcd1326aa7c9d86b262407802178a007e6408005456c63ab3de13e6",
    "https://deno.land/x/deno_validator@v0.0.5/lib/isBIC.ts": "a7615244c93dd4fbd1a96f4d4b0806d182e8c07d6cc911ceee910fcbe1bc0151",
    "https://deno.land/x/deno_validator@v0.0.5/lib/isBase32.ts": "84712bc4de13190e2c3f7a3af401f859765c5096d92ee84ea22e870c9bd27b1d",
    "https://deno.land/x/deno_validator@v0.0.5/lib/isBase58.ts": "fe400e80fc86b68b5046b690fd13e6c3c0e47cef08d5622e91a2cc27db883ea1",
    "https://deno.land/x/deno_validator@v0.0.5/lib/isBase64.ts": "f83efaccad11ee9035110b742403b99ac23c3d59e661f9904d48544904a5e73c",
    "https://deno.land/x/deno_validator@v0.0.5/lib/isBefore.ts": "526f0896d310e690e5e503437792abfe17c469ab4967f5d5daa751afe13ad3f5",
    "https://deno.land/x/deno_validator@v0.0.5/lib/isBoolean.ts": "a6122d55420776e6f06120aaa1ad75057c7efaefc9457465db8b911843d0ce19",
    "https://deno.land/x/deno_validator@v0.0.5/lib/isBtcAddress.ts": "496f6f2a01fac00206698f988932df9007c59924705fd4e1ad3e473be69a9f66",
    "https://deno.land/x/deno_validator@v0.0.5/lib/isByteLength.ts": "8e9dd0e6603bc0dd8249a2c02a007fd87b4005675d433d71a7b7061d588a5f63",
    "https://deno.land/x/deno_validator@v0.0.5/lib/isCreditCard.ts": "10be8b2184d603070e67c8b427d4c8b2c2f8516bc9d023ee92a114900abaf54e",
    "https://deno.land/x/deno_validator@v0.0.5/lib/isCurrency.ts": "b48caec2e5b6f7b90564609da264a350ce0dc44291f4633576b25227a00cc13b",
    "https://deno.land/x/deno_validator@v0.0.5/lib/isDataURI.ts": "b95e4153ad9021f0786d13ac3f87757a6630b3b8374fa9fb4c11004f0d65e242",
    "https://deno.land/x/deno_validator@v0.0.5/lib/isDate.ts": "a40557b905c88189c9ed3bff85b2692523149317363ce97bc119a951d6910bc6",
    "https://deno.land/x/deno_validator@v0.0.5/lib/isDecimal.ts": "3dd3cdc5b5964150304c7f30d9632908160e2efb7ffa94aa46cd14f98be8bc59",
    "https://deno.land/x/deno_validator@v0.0.5/lib/isDivisibleBy.ts": "0e9d78ce0db5626ed7368ba301fc000351fe17a825f7f295149462aea9bcecdb",
    "https://deno.land/x/deno_validator@v0.0.5/lib/isEAN.ts": "ff19c61ee0a7910959a82ccb8d2dd087070e73e8eaf3a31c975ace545fbfb677",
    "https://deno.land/x/deno_validator@v0.0.5/lib/isEmail.ts": "ee7cd2ffa25483d226eb0486458ce375610d6a6a83bdcf8e2e3683f9de08de62",
    "https://deno.land/x/deno_validator@v0.0.5/lib/isEmpty.ts": "639e5bcf7158ae1cce08e40eeaeb9095d0855f5e53cac53ca800614f69cfb816",
    "https://deno.land/x/deno_validator@v0.0.5/lib/isEthereumAddress.ts": "d0e6a29d340312cd92c74a6f9dd9a86dec4b40025404b6c4cbca3e9621aca9ba",
    "https://deno.land/x/deno_validator@v0.0.5/lib/isFQDN.ts": "0d2ef39cad476a7417203333007944569d30e0caab97e89954d6aa447cecb955",
    "https://deno.land/x/deno_validator@v0.0.5/lib/isFloat.ts": "b40e918ecfee3420c8ba0b0c5cf733956386127db66e4aeffdc9b7d0a5b59b5f",
    "https://deno.land/x/deno_validator@v0.0.5/lib/isFullWidth.ts": "89e24bfb48cedc59ed2d3abd727acdde711666049a1a9f4d8a6e0d1f238462f7",
    "https://deno.land/x/deno_validator@v0.0.5/lib/isHSL.ts": "9ec15c062cff09adca1d32869f48073612f1ab521474c3004db968576fe850fa",
    "https://deno.land/x/deno_validator@v0.0.5/lib/isHalfWidth.ts": "8fc30fce28e3e8f6f73c604371a2349162bd05e8632b2040529fae8ec030205c",
    "https://deno.land/x/deno_validator@v0.0.5/lib/isHash.ts": "78f829f59c26a8172ea9c944b351c444fa658ee45705a19a33502d84b9137c22",
    "https://deno.land/x/deno_validator@v0.0.5/lib/isHexColor.ts": "f9fb512bb94265190d799b6caa97375c550c4c43bcc47fbc980f37889645743a",
    "https://deno.land/x/deno_validator@v0.0.5/lib/isHexadecimal.ts": "399d7d395a709e127746343368d8ecb4f5886bf7f3089a6876058f78ee3d25b6",
    "https://deno.land/x/deno_validator@v0.0.5/lib/isIBAN.ts": "b218ac0e1c989b2dfcb32d04023a05a44383a270aac79fc7d9867c5b198ccc92",
    "https://deno.land/x/deno_validator@v0.0.5/lib/isIMEI.ts": "c44d58e819c97c1c47c5a6458d8f7d4f877caf3cb65cae900151bbef19cd630b",
    "https://deno.land/x/deno_validator@v0.0.5/lib/isIP.ts": "f4ae050be3765dba47ae8c157c9308c3f1fc43d46ba2fe2b3b3b61d0351fa425",
    "https://deno.land/x/deno_validator@v0.0.5/lib/isIPRange.ts": "8b8277ceea00475794d33bbcda97d11a5ec7827372774dc442e60de6474e4fff",
    "https://deno.land/x/deno_validator@v0.0.5/lib/isISBN.ts": "9b2f85e41aca70e27bd0e419ed794e6c033039cb5d18a02a2c36a0222e7a5ab7",
    "https://deno.land/x/deno_validator@v0.0.5/lib/isISIN.ts": "2498e76d36937e23abf30e00733dbf4880aebf8e6499ec10e6b5747593f9ba99",
    "https://deno.land/x/deno_validator@v0.0.5/lib/isISO31661Alpha2.ts": "0b004a1eb7b22af353e016609002521d0cd1216774c0944645ff6aa1d9f77104",
    "https://deno.land/x/deno_validator@v0.0.5/lib/isISO31661Alpha3.ts": "199f4ecff60e68490e06432e2105bb7dd95be437665c3d323046ab2189ae7654",
    "https://deno.land/x/deno_validator@v0.0.5/lib/isISO8601.ts": "c3a97766296a0ce0ea33f2df485d0d8d429b3130ba8121029811958dd1e6fe52",
    "https://deno.land/x/deno_validator@v0.0.5/lib/isISRC.ts": "7750a076cc70b365047a78c0b5f4e19f60d7599464679e3263f99c17505dd425",
    "https://deno.land/x/deno_validator@v0.0.5/lib/isISSN.ts": "d6a243eb2561acc52c33e10670e137b6111e05130fd944c16be59f821ac93955",
    "https://deno.land/x/deno_validator@v0.0.5/lib/isIdentityCard.ts": "32b522ef8cbd1bf2ff224da8a3382fd12162d0ff5011149490672c2b7ed7abcd",
    "https://deno.land/x/deno_validator@v0.0.5/lib/isIn.ts": "9e4574641892f2b68c7397f54fadfed071a412449471f53723ff309cbca935c5",
    "https://deno.land/x/deno_validator@v0.0.5/lib/isInt.ts": "e82fc8a1015fb2e3bfd11907840d2a4f483a091fe5777039aabf24a3464f957e",
    "https://deno.land/x/deno_validator@v0.0.5/lib/isJSON.ts": "402b878120112d88279244654f52deaa67fa5fd7b69b379f37c10858c07ec240",
    "https://deno.land/x/deno_validator@v0.0.5/lib/isJWT.ts": "08d9b7721e8af6a41f26a8bb730a9795f8c0b2d97e71b79a17e43ba526b693c7",
    "https://deno.land/x/deno_validator@v0.0.5/lib/isLatLong.ts": "725544a1044fe67834fab5b93f8e58c641ded42731e532330bc9802f9bb7bb99",
    "https://deno.land/x/deno_validator@v0.0.5/lib/isLength.ts": "d70e36c3ba6fe4dcdaca621ebdde4ebfdf9ec94b7cc29e60fc5c3b3c1d81baf5",
    "https://deno.land/x/deno_validator@v0.0.5/lib/isLicensePlate.ts": "744e7b0c7b03e0ea3644771b6ee37dd9cd39ebedad2d5d66415273bdc16b852b",
    "https://deno.land/x/deno_validator@v0.0.5/lib/isLocale.ts": "1180ef954a5696e0495983f663053e4b2b797bbb32194833702fd976f01f5c42",
    "https://deno.land/x/deno_validator@v0.0.5/lib/isLowercase.ts": "dde842901930d99a0714ce9dc343a77fde64c0a15f93c32000483bed2db6c54d",
    "https://deno.land/x/deno_validator@v0.0.5/lib/isMACAddress.ts": "83258726e09ff8518315f8a470482ddb298a57bd6c5c89fcd0303b9e06ed77cc",
    "https://deno.land/x/deno_validator@v0.0.5/lib/isMD5.ts": "ab31abc95baae3be16f68bb2883907834d50178d8f1a25849ff81fe3e5baed40",
    "https://deno.land/x/deno_validator@v0.0.5/lib/isMagnetURI.ts": "d9ca77177128f1196217be98f20012f0b886b8c07c01aeaf5cd2e95a1058fe0e",
    "https://deno.land/x/deno_validator@v0.0.5/lib/isMimeType.ts": "cc869d7c255c0dc68ae0430af7222a8fa42e2dfbb81c99a143c59e145752e5c2",
    "https://deno.land/x/deno_validator@v0.0.5/lib/isMobilePhone.ts": "b32c598f74058de350ae5545e145af3e8a0b4f263f8054064803242cf7c59ef7",
    "https://deno.land/x/deno_validator@v0.0.5/lib/isMongoId.ts": "6cd94c171c9e4db461946f620cc628c03479c02c17d84cf32d45a32b296ad215",
    "https://deno.land/x/deno_validator@v0.0.5/lib/isMultibyte.ts": "23bcc0afc69b2aa1ee04346a4160c9f34f7d84cd4f5404b75d7e21fb2f740e39",
    "https://deno.land/x/deno_validator@v0.0.5/lib/isNumeric.ts": "27c9f08d0c0c7b3151b8ff8f73dec73c1e2defc6a3850ab4c02ccfd27402d447",
    "https://deno.land/x/deno_validator@v0.0.5/lib/isOctal.ts": "e605fb75e0eac6762b2d3cffe73fa74ebd6d1a02462eec7aef1342c9d3d67098",
    "https://deno.land/x/deno_validator@v0.0.5/lib/isPassportNumber.ts": "6e1bba649b62be8774968401b64558c595cf7d40eeba0058e1f7c26c023fe959",
    "https://deno.land/x/deno_validator@v0.0.5/lib/isPort.ts": "9442a45ea815432ac2c23f3a564fdd2dfb5c217b5e413c3f121fc58174b5dbf4",
    "https://deno.land/x/deno_validator@v0.0.5/lib/isPostalCode.ts": "6176b50f804bc8d614222d529884f5c2486fcbb8a4a7667497657c2d98e71721",
    "https://deno.land/x/deno_validator@v0.0.5/lib/isRFC3339.ts": "77cb221aa4f243cf7e0b2350b772061ec3fcfcb2ac02ca5ffcfac9bf9ea935ec",
    "https://deno.land/x/deno_validator@v0.0.5/lib/isRgbColor.ts": "2284af7ebc9d912a69ca3b3e4a1496a033f35632c5c8ffe342d858538a3c9f8b",
    "https://deno.land/x/deno_validator@v0.0.5/lib/isSemVer.ts": "c7d6a52b538bdcec0bb492437e9d26696950ea7c69cc4831244aa8edb6713939",
    "https://deno.land/x/deno_validator@v0.0.5/lib/isSlug.ts": "3baf592840c8ffa0bd780eb98f636d44167132320f559fb0ae4adfea661b36a5",
    "https://deno.land/x/deno_validator@v0.0.5/lib/isStrongPassword.ts": "8906da6c98ea6de6fc1ab3f9db6a87186b5e7eab3b2c46706b5d21d447bf655c",
    "https://deno.land/x/deno_validator@v0.0.5/lib/isSurrogatePair.ts": "1f64ecdfe377bedf3aa581c173cab30fda68e864587f2a39a2fbf852558ae68c",
    "https://deno.land/x/deno_validator@v0.0.5/lib/isTaxID.ts": "9d5dbe4b016d7d0534b2157ac723d36b0a1fd56b1a55a5437c3f98246f257251",
    "https://deno.land/x/deno_validator@v0.0.5/lib/isURL.ts": "df82bf9a9bd4d5855cfb1f99f2003d8299b1f4b8993e28c4c711f8793598d408",
    "https://deno.land/x/deno_validator@v0.0.5/lib/isUUID.ts": "8afd7e6f387e5e98de110ba462d5159835df4846a5445dab3b3d1ceda1765f04",
    "https://deno.land/x/deno_validator@v0.0.5/lib/isUppercase.ts": "c7d85a8bee130268711135829cce84a648367496498bded78b71359ddc9a0148",
    "https://deno.land/x/deno_validator@v0.0.5/lib/isVAT.ts": "a4d958b22328396e9f49e538074fe0f48f858afac577ff7c9f0a7913728b84a8",
    "https://deno.land/x/deno_validator@v0.0.5/lib/isVariableWidth.ts": "1d97d43b26287a05927be60811bde0bfc59898ef11f788754528393315ac3707",
    "https://deno.land/x/deno_validator@v0.0.5/lib/isWhitelisted.ts": "5d0b7e6798ef5b53f887a7a16edf200feb870067f6a569bef4ab82f16f5a84ef",
    "https://deno.land/x/deno_validator@v0.0.5/lib/ltrim.ts": "47d5bc73e201649587306b293ac3b3185831f8165622a6d75958febec4e58e78",
    "https://deno.land/x/deno_validator@v0.0.5/lib/matches.ts": "2bb064140038cf3fa8d9ba4fe8ec6c945eed8eac239542dbb063af47ab9cc053",
    "https://deno.land/x/deno_validator@v0.0.5/lib/normalizeEmail.ts": "6aac16c7aafcb8e862fc835faf8a9cbc2296f25d579f647cda3848bcfdcbe576",
    "https://deno.land/x/deno_validator@v0.0.5/lib/rtrim.ts": "70f15d945370267704275e1dd8672fe13721a8e11327b9682acee8cf35ae02e4",
    "https://deno.land/x/deno_validator@v0.0.5/lib/stripLow.ts": "3c4101b3d1c8d263d3bde486515d1d0f192e945df39dddd891e51df0a8943718",
    "https://deno.land/x/deno_validator@v0.0.5/lib/toBoolean.ts": "c5afbd2e6639715c47f6d82f2e9472e84a6b317af42e6bf1c9aaa0ab309ff1ff",
    "https://deno.land/x/deno_validator@v0.0.5/lib/toDate.ts": "4e7f4af8a8721771fc90e0f90cfeae101895a5cb936f8908173afa8b5ac6d1a0",
    "https://deno.land/x/deno_validator@v0.0.5/lib/toFloat.ts": "187248350b4f0c10744e3fbb092258b745e4239c37fe430728a9cb6657cbcc95",
    "https://deno.land/x/deno_validator@v0.0.5/lib/toInt.ts": "a6da3c2fa3e0608b13588f1a7731f180212408cc33bc287524ca7874cdd29871",
    "https://deno.land/x/deno_validator@v0.0.5/lib/trim.ts": "d6e07cf36dc2d042e3848e317274775edfdcf206837aac9ee32f488a61b50e7b",
    "https://deno.land/x/deno_validator@v0.0.5/lib/unescape.ts": "5988cfca0cdaef152acab93626e501d1fee5f9bcb758d3d6aa8d7f2b473ff469",
    "https://deno.land/x/deno_validator@v0.0.5/lib/util/algorithms.ts": "4f2ca31bb15be4f1b0cabb4e4694be4e26a75123440dddbb2d26ebb1c05da3e5",
    "https://deno.land/x/deno_validator@v0.0.5/lib/util/assertString.ts": "9c3f58faa05bc3a2126207d53a33f4847d4da131a83827e2ff09429cfb8177c9",
    "https://deno.land/x/deno_validator@v0.0.5/lib/util/includes.ts": "c1ee01659a50e350e187f12d32b4f61acb38b0e745d6b888378ccd1bb8c73fa6",
    "https://deno.land/x/deno_validator@v0.0.5/lib/util/merge.ts": "d365c8fca7a9a096c8a9cf36b2d3dcf788bb62dd982734cd9aefadeb77e63783",
    "https://deno.land/x/deno_validator@v0.0.5/lib/util/multilineRegex.ts": "576a32538e4baa9fae006bda93313599a02da00e0ec452a500769e1ccfee7ab6",
    "https://deno.land/x/deno_validator@v0.0.5/lib/util/toString.ts": "d1521f4f537b6c7a3e84c6798f5cbe8f412470d9abb8ece43cbed17493ca2c7c",
    "https://deno.land/x/deno_validator@v0.0.5/lib/whitelist.ts": "6a93eebaf03491c61cbb07c6357f9aa263bc5436d098f230c729d8158f2b578d",
    "https://deno.land/x/deno_validator@v0.0.5/mod.ts": "bfaaca0fd0f2e7e5f1b3f5aac25e4fac4371d1684c3c09b724649cde3f6294f6"
  }
}
